<?xml version="1.0" encoding="utf-8"?>
<Project ToolsVersion="4.0" xmlns="http://schemas.microsoft.com/developer/msbuild/2003">
  <ItemGroup>
    <Filter Include="Source Files">
      <UniqueIdentifier>{4FC737F1-C7A5-4376-A066-2A32D752A2FF}</UniqueIdentifier>
      <Extensions>cpp;c;cc;cxx;def;odl;idl;hpj;bat;asm;asmx</Extensions>
    </Filter>
    <Filter Include="Header Files">
      <UniqueIdentifier>{93995380-89BD-4b04-88EB-625FBE52EBFB}</UniqueIdentifier>
      <Extensions>h;hpp;hxx;hm;inl;inc;xsd</Extensions>
    </Filter>
    <Filter Include="Resource Files">
      <UniqueIdentifier>{67DA6AB6-F800-4c08-8B7A-83BB121AAD01}</UniqueIdentifier>
      <Extensions>rc;ico;cur;bmp;dlg;rc2;rct;bin;rgs;gif;jpg;jpeg;jpe;resx;tiff;tif;png;wav</Extensions>
    </Filter>
    <Filter Include="Common Headers">
      <UniqueIdentifier>{b5bd5bc4-58c8-4b5f-9bad-156f756d428b}</UniqueIdentifier>
    </Filter>
    <Filter Include="Common Source">
      <UniqueIdentifier>{7e627610-7721-4bf2-88dc-f84bab4c746c}</UniqueIdentifier>
    </Filter>
    <Filter Include="Packets">
      <UniqueIdentifier>{a5711c06-60a4-4853-b3ed-7b2318cdd905}</UniqueIdentifier>
    </Filter>
  </ItemGroup>
  <ItemGroup>
    <ClCompile Include="..\server\account\AccountDB.cpp">
      <Filter>Source Files</Filter>
    </ClCompile>
    <ClCompile Include="..\server\account\AccountService.cpp">
      <Filter>Source Files</Filter>
    </ClCompile>
    <ClCompile Include="..\server\missions\Agent.cpp">
      <Filter>Source Files</Filter>
    </ClCompile>
    <ClCompile Include="..\server\missions\AgentMgrService.cpp">
      <Filter>Source Files</Filter>
    </ClCompile>
    <ClCompile Include="..\server\admin\AlertService.cpp">
      <Filter>Source Files</Filter>
    </ClCompile>
    <ClCompile Include="..\server\admin\AllCommands.cpp">
      <Filter>Source Files</Filter>
    </ClCompile>
    <ClCompile Include="..\server\mining\Asteroid.cpp">
      <Filter>Source Files</Filter>
    </ClCompile>
    <ClCompile Include="..\server\mining\AsteroidBeltManager.cpp">
      <Filter>Source Files</Filter>
    </ClCompile>
    <ClCompile Include="..\server\account\AuthService.cpp">
      <Filter>Source Files</Filter>
    </ClCompile>
    <ClCompile Include="..\server\ship\BeyonceService.cpp">
      <Filter>Source Files</Filter>
    </ClCompile>
    <ClCompile Include="..\server\market\BillMgrService.cpp">
      <Filter>Source Files</Filter>
    </ClCompile>
    <ClCompile Include="..\server\BookmarkService.cpp">
      <Filter>Source Files</Filter>
    </ClCompile>
    <ClCompile Include="..\server\system\BubbleManager.cpp">
      <Filter>Source Files</Filter>
    </ClCompile>
    <ClCompile Include="..\server\character\CharacterDB.cpp">
      <Filter>Source Files</Filter>
    </ClCompile>
    <ClCompile Include="..\server\character\CharacterService.cpp">
      <Filter>Source Files</Filter>
    </ClCompile>
    <ClCompile Include="..\server\character\CharMgrService.cpp">
      <Filter>Source Files</Filter>
    </ClCompile>
    <ClCompile Include="..\server\Client.cpp">
      <Filter>Source Files</Filter>
    </ClCompile>
    <ClCompile Include="..\server\ClientSession.cpp">
      <Filter>Source Files</Filter>
    </ClCompile>
    <ClCompile Include="..\server\admin\CommandDB.cpp">
      <Filter>Source Files</Filter>
    </ClCompile>
    <ClCompile Include="..\server\admin\CommandDispatcher.cpp">
      <Filter>Source Files</Filter>
    </ClCompile>
    <ClCompile Include="..\server\config\ConfigDB.cpp">
      <Filter>Source Files</Filter>
    </ClCompile>
    <ClCompile Include="..\server\config\ConfigService.cpp">
      <Filter>Source Files</Filter>
    </ClCompile>
    <ClCompile Include="..\server\corporation\CorpMgrService.cpp">
      <Filter>Source Files</Filter>
    </ClCompile>
    <ClCompile Include="..\server\corporation\CorporationDB.cpp">
      <Filter>Source Files</Filter>
    </ClCompile>
    <ClCompile Include="..\server\corporation\CorporationService.cpp">
      <Filter>Source Files</Filter>
    </ClCompile>
    <ClCompile Include="..\server\corporation\CorpRegistryService.cpp">
      <Filter>Source Files</Filter>
    </ClCompile>
    <ClCompile Include="..\server\corporation\CorpStationMgrService.cpp">
      <Filter>Source Files</Filter>
    </ClCompile>
    <ClCompile Include="..\server\system\Damage.cpp">
      <Filter>Source Files</Filter>
    </ClCompile>
    <ClCompile Include="..\server\ship\DestinyManager.cpp">
      <Filter>Source Files</Filter>
    </ClCompile>
    <ClCompile Include="..\server\dogmaim\DogmaIMDB.cpp">
      <Filter>Source Files</Filter>
    </ClCompile>
    <ClCompile Include="..\server\dogmaim\DogmaIMService.cpp">
      <Filter>Source Files</Filter>
    </ClCompile>
    <ClCompile Include="..\server\system\DungeonService.cpp">
      <Filter>Source Files</Filter>
    </ClCompile>
    <ClCompile Include="..\server\EntityList.cpp">
      <Filter>Source Files</Filter>
    </ClCompile>
    <ClCompile Include="..\server\EVEmuServerConfig.cpp">
      <Filter>Source Files</Filter>
    </ClCompile>
    <ClCompile Include="..\server\admin\GMCommands.cpp">
      <Filter>Source Files</Filter>
    </ClCompile>
    <ClCompile Include="..\server\ship\InsuranceService.cpp">
      <Filter>Source Files</Filter>
    </ClCompile>
    <ClCompile Include="..\server\inventory\InvBrokerService.cpp">
      <Filter>Source Files</Filter>
    </ClCompile>
    <ClCompile Include="..\server\inventory\InventoryDB.cpp">
      <Filter>Source Files</Filter>
    </ClCompile>
    <ClCompile Include="..\server\inventory\InventoryItem.cpp">
      <Filter>Source Files</Filter>
    </ClCompile>
    <ClCompile Include="..\server\inventory\ItemDB.cpp">
      <Filter>Source Files</Filter>
    </ClCompile>
    <ClCompile Include="..\server\inventory\ItemFactory.cpp">
      <Filter>Source Files</Filter>
    </ClCompile>
    <ClCompile Include="..\server\station\JumpCloneService.cpp">
      <Filter>Source Files</Filter>
    </ClCompile>
    <ClCompile Include="..\server\system\KeeperService.cpp">
      <Filter>Source Files</Filter>
    </ClCompile>
    <ClCompile Include="..\server\config\LanguageService.cpp">
      <Filter>Source Files</Filter>
    </ClCompile>
    <ClCompile Include="..\server\chat\LookupService.cpp">
      <Filter>Source Files</Filter>
    </ClCompile>
    <ClCompile Include="..\server\chat\LSCChannel.cpp">
      <Filter>Source Files</Filter>
    </ClCompile>
    <ClCompile Include="..\server\chat\LSCDB.cpp">
      <Filter>Source Files</Filter>
    </ClCompile>
    <ClCompile Include="..\server\chat\LSCService.cpp">
      <Filter>Source Files</Filter>
    </ClCompile>
    <ClCompile Include="..\server\main.cpp">
      <Filter>Source Files</Filter>
    </ClCompile>
    <ClCompile Include="..\server\map\MapDB.cpp">
      <Filter>Source Files</Filter>
    </ClCompile>
    <ClCompile Include="..\server\map\MapService.cpp">
      <Filter>Source Files</Filter>
    </ClCompile>
    <ClCompile Include="..\server\market\MarketDB.cpp">
      <Filter>Source Files</Filter>
    </ClCompile>
    <ClCompile Include="..\server\market\MarketProxyService.cpp">
      <Filter>Source Files</Filter>
    </ClCompile>
    <ClCompile Include="..\server\mining\MiningCommands.cpp">
      <Filter>Source Files</Filter>
    </ClCompile>
    <ClCompile Include="..\server\mining\MiningDB.cpp">
      <Filter>Source Files</Filter>
    </ClCompile>
    <ClCompile Include="..\server\missions\MissionDB.cpp">
      <Filter>Source Files</Filter>
    </ClCompile>
    <ClCompile Include="..\server\missions\MissionMgrService.cpp">
      <Filter>Source Files</Filter>
    </ClCompile>
    <ClCompile Include="..\server\ship\ModuleManager.cpp">
      <Filter>Source Files</Filter>
    </ClCompile>
    <ClCompile Include="..\server\NPC.cpp">
      <Filter>Source Files</Filter>
    </ClCompile>
    <ClCompile Include="..\server\npc\NPCAI.cpp">
      <Filter>Source Files</Filter>
    </ClCompile>
    <ClCompile Include="..\server\cache\ObjCacheDB.cpp">
      <Filter>Source Files</Filter>
    </ClCompile>
    <ClCompile Include="..\server\cache\ObjCacheService.cpp">
      <Filter>Source Files</Filter>
    </ClCompile>
    <ClCompile Include="..\server\chat\OnlineStatusService.cpp">
      <Filter>Source Files</Filter>
    </ClCompile>
    <ClCompile Include="..\server\admin\PetitionerService.cpp">
      <Filter>Source Files</Filter>
    </ClCompile>
    <ClCompile Include="..\server\PyBoundObject.cpp">
      <Filter>Source Files</Filter>
    </ClCompile>
    <ClCompile Include="..\server\PyCallable.cpp">
      <Filter>Source Files</Filter>
    </ClCompile>
    <ClCompile Include="..\server\PyService.cpp">
      <Filter>Source Files</Filter>
    </ClCompile>
    <ClCompile Include="..\server\PyServiceMgr.cpp">
      <Filter>Source Files</Filter>
    </ClCompile>
    <ClCompile Include="..\server\mining\ReprocessingDB.cpp">
      <Filter>Source Files</Filter>
    </ClCompile>
    <ClCompile Include="..\server\mining\ReprocessingService.cpp">
      <Filter>Source Files</Filter>
    </ClCompile>
    <ClCompile Include="..\server\system\ScenarioService.cpp">
      <Filter>Source Files</Filter>
    </ClCompile>
    <ClCompile Include="..\server\ServiceDB.cpp">
      <Filter>Source Files</Filter>
    </ClCompile>
    <ClCompile Include="..\server\ship\ShipDB.cpp">
      <Filter>Source Files</Filter>
    </ClCompile>
    <ClCompile Include="..\server\ship\ShipService.cpp">
      <Filter>Source Files</Filter>
    </ClCompile>
    <ClCompile Include="..\server\character\SkillMgrService.cpp">
      <Filter>Source Files</Filter>
    </ClCompile>
    <ClCompile Include="..\server\admin\SlashService.cpp">
      <Filter>Source Files</Filter>
    </ClCompile>
    <ClCompile Include="..\server\spawn\SpawnDB.cpp">
      <Filter>Source Files</Filter>
    </ClCompile>
    <ClCompile Include="..\server\spawn\SpawnManager.cpp">
      <Filter>Source Files</Filter>
    </ClCompile>
    <ClCompile Include="..\server\standing\Standing2Service.cpp">
      <Filter>Source Files</Filter>
    </ClCompile>
    <ClCompile Include="..\server\standing\StandingDB.cpp">
      <Filter>Source Files</Filter>
    </ClCompile>
    <ClCompile Include="..\server\station\StationDB.cpp">
      <Filter>Source Files</Filter>
    </ClCompile>
    <ClCompile Include="..\server\station\StationService.cpp">
      <Filter>Source Files</Filter>
    </ClCompile>
    <ClCompile Include="..\server\station\StationSvcService.cpp">
      <Filter>Source Files</Filter>
    </ClCompile>
    <ClCompile Include="..\server\system\SystemBubble.cpp">
      <Filter>Source Files</Filter>
    </ClCompile>
    <ClCompile Include="..\server\system\SystemDB.cpp">
      <Filter>Source Files</Filter>
    </ClCompile>
    <ClCompile Include="..\server\system\SystemEntities.cpp">
      <Filter>Source Files</Filter>
    </ClCompile>
    <ClCompile Include="..\server\system\SystemEntity.cpp">
      <Filter>Source Files</Filter>
    </ClCompile>
    <ClCompile Include="..\server\system\SystemManager.cpp">
      <Filter>Source Files</Filter>
    </ClCompile>
    <ClCompile Include="..\server\ship\TargetManager.cpp">
      <Filter>Source Files</Filter>
    </ClCompile>
    <ClCompile Include="..\server\tutorial\TutorialDB.cpp">
      <Filter>Source Files</Filter>
    </ClCompile>
    <ClCompile Include="..\server\tutorial\TutorialService.cpp">
      <Filter>Source Files</Filter>
    </ClCompile>
    <ClCompile Include="..\common\Base64.cpp">
      <Filter>Common Source</Filter>
    </ClCompile>
    <ClCompile Include="..\common\CachedObjectMgr.cpp">
      <Filter>Common Source</Filter>
    </ClCompile>
    <ClCompile Include="..\common\crc32.cpp">
      <Filter>Common Source</Filter>
    </ClCompile>
    <ClCompile Include="..\common\dbcore.cpp">
      <Filter>Common Source</Filter>
    </ClCompile>
    <ClCompile Include="..\common\DestinyBinDump.cpp">
      <Filter>Common Source</Filter>
    </ClCompile>
    <ClCompile Include="..\common\DirWalker.cpp">
      <Filter>Common Source</Filter>
    </ClCompile>
    <ClCompile Include="..\common\EVEDBUtils.cpp">
      <Filter>Common Source</Filter>
    </ClCompile>
    <ClCompile Include="..\common\EVEMarshal.cpp">
      <Filter>Common Source</Filter>
    </ClCompile>
    <ClCompile Include="..\common\EVEPktDispatch.cpp">
      <Filter>Common Source</Filter>
    </ClCompile>
    <ClCompile Include="..\common\EVEPresentation.cpp">
      <Filter>Common Source</Filter>
    </ClCompile>
    <ClCompile Include="..\common\EVETCPConnection.cpp">
      <Filter>Common Source</Filter>
    </ClCompile>
    <ClCompile Include="..\common\EVETCPServer.cpp">
      <Filter>Common Source</Filter>
    </ClCompile>
    <ClCompile Include="..\common\EVEUnmarshal.cpp">
      <Filter>Common Source</Filter>
    </ClCompile>
    <ClCompile Include="..\common\EVEUtils.cpp">
      <Filter>Common Source</Filter>
    </ClCompile>
    <ClCompile Include="..\common\EVEZeroCompress.cpp">
      <Filter>Common Source</Filter>
    </ClCompile>
    <ClCompile Include="..\common\GaMath.cpp">
      <Filter>Common Source</Filter>
    </ClCompile>
    <ClCompile Include="..\common\GaTypes.cpp">
      <Filter>Common Source</Filter>
    </ClCompile>
    <ClCompile Include="..\common\gpoint.cpp">
      <Filter>Common Source</Filter>
    </ClCompile>
    <ClCompile Include="..\common\logsys.cpp">
      <Filter>Common Source</Filter>
    </ClCompile>
    <ClCompile Include="..\common\misc.cpp">
      <Filter>Common Source</Filter>
    </ClCompile>
    <ClCompile Include="..\common\MiscFunctions.cpp">
      <Filter>Common Source</Filter>
    </ClCompile>
    <ClCompile Include="..\common\Mutex.cpp">
      <Filter>Common Source</Filter>
    </ClCompile>
    <ClCompile Include="..\common\packet_dump.cpp">
      <Filter>Common Source</Filter>
    </ClCompile>
    <ClCompile Include="..\common\packet_functions.cpp">
      <Filter>Common Source</Filter>
    </ClCompile>
    <ClCompile Include="..\common\PyDumpVisitor.cpp">
      <Filter>Common Source</Filter>
    </ClCompile>
    <ClCompile Include="..\common\PyLookupDump.cpp">
      <Filter>Common Source</Filter>
    </ClCompile>
    <ClCompile Include="..\common\PyPacket.cpp">
      <Filter>Common Source</Filter>
    </ClCompile>
    <ClCompile Include="..\common\PyRep.cpp">
      <Filter>Common Source</Filter>
    </ClCompile>
    <ClCompile Include="..\common\PyUtils.cpp">
      <Filter>Common Source</Filter>
    </ClCompile>
    <ClCompile Include="..\common\PyVisitor.cpp">
      <Filter>Common Source</Filter>
    </ClCompile>
    <ClCompile Include="..\common\PyXMLGenerator.cpp">
      <Filter>Common Source</Filter>
    </ClCompile>
    <ClCompile Include="..\common\RowsetReader.cpp">
      <Filter>Common Source</Filter>
    </ClCompile>
    <ClCompile Include="..\common\StreamPacketizer.cpp">
      <Filter>Common Source</Filter>
    </ClCompile>
    <ClCompile Include="..\common\sigexcept\sym_engine.cpp">
      <Filter>Common Source</Filter>
    </ClCompile>
    <ClCompile Include="..\common\TCPConnection.cpp">
      <Filter>Common Source</Filter>
    </ClCompile>
    <ClCompile Include="..\common\TCPServer.cpp">
      <Filter>Common Source</Filter>
    </ClCompile>
    <ClCompile Include="..\common\timer.cpp">
      <Filter>Common Source</Filter>
    </ClCompile>
    <ClCompile Include="..\common\tinyxml\tinystr.cpp">
      <Filter>Common Source</Filter>
    </ClCompile>
    <ClCompile Include="..\common\tinyxml\tinyxml.cpp">
      <Filter>Common Source</Filter>
    </ClCompile>
    <ClCompile Include="..\common\tinyxml\tinyxmlerror.cpp">
      <Filter>Common Source</Filter>
    </ClCompile>
    <ClCompile Include="..\common\tinyxml\tinyxmlparser.cpp">
      <Filter>Common Source</Filter>
    </ClCompile>
    <ClCompile Include="..\common\XMLParser.cpp">
      <Filter>Common Source</Filter>
    </ClCompile>
    <ClCompile Include="..\packets\AccountPkts.cpp">
      <Filter>Packets</Filter>
    </ClCompile>
    <ClCompile Include="..\packets\Character.cpp">
      <Filter>Packets</Filter>
    </ClCompile>
    <ClCompile Include="..\packets\CorporationPkts.cpp">
      <Filter>Packets</Filter>
    </ClCompile>
    <ClCompile Include="..\packets\Crypto.cpp">
      <Filter>Packets</Filter>
    </ClCompile>
    <ClCompile Include="..\packets\Destiny.cpp">
      <Filter>Packets</Filter>
    </ClCompile>
    <ClCompile Include="..\packets\DogmaIM.cpp">
      <Filter>Packets</Filter>
    </ClCompile>
    <ClCompile Include="..\packets\General.cpp">
      <Filter>Packets</Filter>
    </ClCompile>
    <ClCompile Include="..\packets\Inventory.cpp">
      <Filter>Packets</Filter>
    </ClCompile>
    <ClCompile Include="..\packets\LSCPkts.cpp">
      <Filter>Packets</Filter>
    </ClCompile>
    <ClCompile Include="..\packets\Market.cpp">
      <Filter>Packets</Filter>
    </ClCompile>
    <ClCompile Include="..\packets\Missions.cpp">
      <Filter>Packets</Filter>
    </ClCompile>
    <ClCompile Include="..\packets\ObjectCaching.cpp">
      <Filter>Packets</Filter>
    </ClCompile>
    <ClCompile Include="..\packets\Standing2.cpp">
      <Filter>Packets</Filter>
    </ClCompile>
    <ClCompile Include="..\packets\Tutorial.cpp">
      <Filter>Packets</Filter>
    </ClCompile>
    <ClCompile Include="..\packets\Wallet.cpp">
      <Filter>Packets</Filter>
    </ClCompile>
  </ItemGroup>
  <ItemGroup>
    <ClInclude Include="..\server\ClientSession.h">
      <Filter>Header Files</Filter>
    </ClInclude>
    <ClInclude Include="..\server\inventory\EVEAttributes.h">
      <Filter>Header Files</Filter>
    </ClInclude>
    <ClInclude Include="..\server\EVEmuServerConfig.h">
      <Filter>Header Files</Filter>
    </ClInclude>
    <ClInclude Include="..\server\EVEmuServerConfig_elements.h">
      <Filter>Header Files</Filter>
    </ClInclude>
    <ClInclude Include="..\server\inventory\InventoryItem.h">
      <Filter>Header Files</Filter>
    </ClInclude>
    <ClInclude Include="..\server\inventory\ItemDB.h">
      <Filter>Header Files</Filter>
    </ClInclude>
    <ClInclude Include="..\server\inventory\ItemFactory.h">
      <Filter>Header Files</Filter>
    </ClInclude>
    <ClInclude Include="..\server\market\MarketDB.h">
      <Filter>Header Files</Filter>
    </ClInclude>
    <ClInclude Include="..\server\market\MarketProxyService.h">
      <Filter>Header Files</Filter>
    </ClInclude>
    <ClInclude Include="..\common\Base64.h">
      <Filter>Common Headers</Filter>
    </ClInclude>
    <ClInclude Include="..\common\CachedObjectMgr.h">
      <Filter>Common Headers</Filter>
    </ClInclude>
    <ClInclude Include="..\common\common.h">
      <Filter>Common Headers</Filter>
    </ClInclude>
    <ClInclude Include="..\common\crc32.h">
      <Filter>Common Headers</Filter>
    </ClInclude>
    <ClInclude Include="..\common\dbcore.h">
      <Filter>Common Headers</Filter>
    </ClInclude>
    <ClInclude Include="..\common\DestinyStructs.h">
      <Filter>Common Headers</Filter>
    </ClInclude>
    <ClInclude Include="..\common\DirWalker.h">
      <Filter>Common Headers</Filter>
    </ClInclude>
    <ClInclude Include="..\common\EVEDBUtils.h">
      <Filter>Common Headers</Filter>
    </ClInclude>
    <ClInclude Include="..\common\EVEMarshal.h">
      <Filter>Common Headers</Filter>
    </ClInclude>
    <ClInclude Include="..\common\EVEMarshalOpcodes.h">
      <Filter>Common Headers</Filter>
    </ClInclude>
    <ClInclude Include="..\common\EVEPktDispatch.h">
      <Filter>Common Headers</Filter>
    </ClInclude>
    <ClInclude Include="..\common\EVEPresentation.h">
      <Filter>Common Headers</Filter>
    </ClInclude>
    <ClInclude Include="..\common\EVETCPConnection.h">
      <Filter>Common Headers</Filter>
    </ClInclude>
    <ClInclude Include="..\common\EVETCPServer.h">
      <Filter>Common Headers</Filter>
    </ClInclude>
    <ClInclude Include="..\common\EVEUnmarshal.h">
      <Filter>Common Headers</Filter>
    </ClInclude>
    <ClInclude Include="..\common\EVEUtils.h">
      <Filter>Common Headers</Filter>
    </ClInclude>
    <ClInclude Include="..\common\EVEVersion.h">
      <Filter>Common Headers</Filter>
    </ClInclude>
    <ClInclude Include="..\common\EVEZeroCompress.h">
      <Filter>Common Headers</Filter>
    </ClInclude>
    <ClInclude Include="..\common\GaMath.h">
      <Filter>Common Headers</Filter>
    </ClInclude>
    <ClInclude Include="..\common\GaPreReqs.h">
      <Filter>Common Headers</Filter>
    </ClInclude>
    <ClInclude Include="..\common\GaTypes.h">
      <Filter>Common Headers</Filter>
    </ClInclude>
    <ClInclude Include="..\common\logsys.h">
      <Filter>Common Headers</Filter>
    </ClInclude>
    <ClInclude Include="..\common\logtypes.h">
      <Filter>Common Headers</Filter>
    </ClInclude>
    <ClInclude Include="..\common\misc.h">
      <Filter>Common Headers</Filter>
    </ClInclude>
    <ClInclude Include="..\common\MiscFunctions.h">
      <Filter>Common Headers</Filter>
    </ClInclude>
    <ClInclude Include="..\common\Mutex.h">
      <Filter>Common Headers</Filter>
    </ClInclude>
    <ClInclude Include="..\common\packet_dump.h">
      <Filter>Common Headers</Filter>
    </ClInclude>
    <ClInclude Include="..\common\packet_functions.h">
      <Filter>Common Headers</Filter>
    </ClInclude>
    <ClInclude Include="..\common\packet_types.h">
      <Filter>Common Headers</Filter>
    </ClInclude>
    <ClInclude Include="..\common\PyDumpVisitor.h">
      <Filter>Common Headers</Filter>
    </ClInclude>
    <ClInclude Include="..\common\PyLookupDump.h">
      <Filter>Common Headers</Filter>
    </ClInclude>
    <ClInclude Include="..\common\PyPacket.h">
      <Filter>Common Headers</Filter>
    </ClInclude>
    <ClInclude Include="..\common\PyRep.h">
      <Filter>Common Headers</Filter>
    </ClInclude>
    <ClInclude Include="..\common\PyUtils.h">
      <Filter>Common Headers</Filter>
    </ClInclude>
    <ClInclude Include="..\common\PyVisitor.h">
      <Filter>Common Headers</Filter>
    </ClInclude>
    <ClInclude Include="..\common\PyXMLGenerator.h">
      <Filter>Common Headers</Filter>
    </ClInclude>
    <ClInclude Include="..\common\queue.h">
      <Filter>Common Headers</Filter>
    </ClInclude>
    <ClInclude Include="..\common\RowsetReader.h">
      <Filter>Common Headers</Filter>
    </ClInclude>
    <ClInclude Include="..\common\RowsetToSQL.h">
      <Filter>Common Headers</Filter>
    </ClInclude>
    <ClInclude Include="..\common\seperator.h">
      <Filter>Common Headers</Filter>
    </ClInclude>
    <ClInclude Include="..\common\StreamPacketizer.h">
      <Filter>Common Headers</Filter>
    </ClInclude>
    <ClInclude Include="..\common\TCPBasicServer.h">
      <Filter>Common Headers</Filter>
    </ClInclude>
    <ClInclude Include="..\common\TCPConnection.h">
      <Filter>Common Headers</Filter>
    </ClInclude>
    <ClInclude Include="..\common\TCPServer.h">
      <Filter>Common Headers</Filter>
    </ClInclude>
    <ClInclude Include="..\common\timer.h">
      <Filter>Common Headers</Filter>
    </ClInclude>
    <ClInclude Include="..\common\types.h">
      <Filter>Common Headers</Filter>
    </ClInclude>
    <ClInclude Include="..\packets\AccountPkts.h">
      <Filter>Packets</Filter>
    </ClInclude>
    <ClInclude Include="..\packets\Character.h">
      <Filter>Packets</Filter>
    </ClInclude>
    <ClInclude Include="..\packets\CorporationPkts.h">
      <Filter>Packets</Filter>
    </ClInclude>
    <ClInclude Include="..\packets\Crypto.h">
      <Filter>Packets</Filter>
    </ClInclude>
    <ClInclude Include="..\packets\Destiny.h">
      <Filter>Packets</Filter>
    </ClInclude>
    <ClInclude Include="..\packets\DogmaIM.h">
      <Filter>Packets</Filter>
    </ClInclude>
    <ClInclude Include="..\packets\General.h">
      <Filter>Packets</Filter>
    </ClInclude>
    <ClInclude Include="..\packets\Inventory.h">
      <Filter>Packets</Filter>
    </ClInclude>
    <ClInclude Include="..\packets\LSCPkts.h">
      <Filter>Packets</Filter>
    </ClInclude>
    <ClInclude Include="..\packets\Market.h">
      <Filter>Packets</Filter>
    </ClInclude>
    <ClInclude Include="..\packets\Missions.h">
      <Filter>Packets</Filter>
    </ClInclude>
    <ClInclude Include="..\packets\ObjectCaching.h">
      <Filter>Packets</Filter>
    </ClInclude>
    <ClInclude Include="..\packets\Standing2.h">
      <Filter>Packets</Filter>
    </ClInclude>
    <ClInclude Include="..\packets\Tutorial.h">
      <Filter>Packets</Filter>
    </ClInclude>
    <ClInclude Include="..\packets\Wallet.h">
      <Filter>Packets</Filter>
    </ClInclude>
  </ItemGroup>
  <ItemGroup>
    <XMLPkt Include="..\packets\AccountPkts.xmlp">
      <Filter>Packets</Filter>
    </XMLPkt>
    <XMLPkt Include="..\packets\Character.xmlp">
      <Filter>Packets</Filter>
    </XMLPkt>
    <XMLPkt Include="..\packets\CorporationPkts.xmlp">
      <Filter>Packets</Filter>
    </XMLPkt>
    <XMLPkt Include="..\packets\Crypto.xmlp">
      <Filter>Packets</Filter>
    </XMLPkt>
    <XMLPkt Include="..\packets\Destiny.xmlp">
      <Filter>Packets</Filter>
    </XMLPkt>
    <XMLPkt Include="..\packets\DogmaIM.xmlp">
      <Filter>Packets</Filter>
    </XMLPkt>
    <XMLPkt Include="..\packets\General.xmlp">
      <Filter>Packets</Filter>
    </XMLPkt>
    <XMLPkt Include="..\packets\Inventory.xmlp">
      <Filter>Packets</Filter>
    </XMLPkt>
    <XMLPkt Include="..\packets\LSCPkts.xmlp">
      <Filter>Packets</Filter>
    </XMLPkt>
    <XMLPkt Include="..\packets\Market.xmlp">
      <Filter>Packets</Filter>
    </XMLPkt>
    <XMLPkt Include="..\packets\Missions.xmlp">
      <Filter>Packets</Filter>
    </XMLPkt>
    <XMLPkt Include="..\packets\ObjectCaching.xmlp">
      <Filter>Packets</Filter>
    </XMLPkt>
    <XMLPkt Include="..\packets\Standing2.xmlp">
      <Filter>Packets</Filter>
    </XMLPkt>
    <XMLPkt Include="..\packets\Tutorial.xmlp">
      <Filter>Packets</Filter>
    </XMLPkt>
    <XMLPkt Include="..\packets\Wallet.xmlp">
      <Filter>Packets</Filter>
    </XMLPkt>
  </ItemGroup>
</Project>