<?xml version="1.0" encoding="utf-8"?>
<Project ToolsVersion="4.0" xmlns="http://schemas.microsoft.com/developer/msbuild/2003">
  <ItemGroup>
    <Filter Include="Source Files">
      <UniqueIdentifier>{4FC737F1-C7A5-4376-A066-2A32D752A2FF}</UniqueIdentifier>
      <Extensions>cpp;c;cc;cxx;def;odl;idl;hpj;bat;asm;asmx</Extensions>
    </Filter>
    <Filter Include="Header Files">
      <UniqueIdentifier>{93995380-89BD-4b04-88EB-625FBE52EBFB}</UniqueIdentifier>
      <Extensions>h;hpp;hxx;hm;inl;inc;xsd</Extensions>
    </Filter>
    <Filter Include="Resource Files">
      <UniqueIdentifier>{67DA6AB6-F800-4c08-8B7A-83BB121AAD01}</UniqueIdentifier>
      <Extensions>rc;ico;cur;bmp;dlg;rc2;rct;bin;rgs;gif;jpg;jpeg;jpe;resx;tiff;tif;png;wav</Extensions>
    </Filter>
    <Filter Include="Common Source">
      <UniqueIdentifier>{a375a1cb-599e-4509-ad43-fa02db71ba00}</UniqueIdentifier>
    </Filter>
    <Filter Include="Packet">
      <UniqueIdentifier>{db294283-468e-415e-8abb-45f8a4944ba0}</UniqueIdentifier>
    </Filter>
  </ItemGroup>
  <ItemGroup>
    <ClCompile Include="..\evetool\main.cpp">
      <Filter>Source Files</Filter>
    </ClCompile>
    <ClCompile Include="..\common\timer.cpp">
      <Filter>Source Files</Filter>
    </ClCompile>
    <ClCompile Include="..\evetool\TriFile.cpp">
      <Filter>Source Files</Filter>
    </ClCompile>
    <ClCompile Include="..\common\Base64.cpp">
      <Filter>Common Source</Filter>
    </ClCompile>
    <ClCompile Include="..\common\CachedObjectMgr.cpp">
      <Filter>Common Source</Filter>
    </ClCompile>
    <ClCompile Include="..\common\crc32.cpp">
      <Filter>Common Source</Filter>
    </ClCompile>
    <ClCompile Include="..\common\DirWalker.cpp">
      <Filter>Common Source</Filter>
    </ClCompile>
    <ClCompile Include="..\common\EVEMarshal.cpp">
      <Filter>Common Source</Filter>
    </ClCompile>
    <ClCompile Include="..\common\EVEUnmarshal.cpp">
      <Filter>Common Source</Filter>
    </ClCompile>
    <ClCompile Include="..\common\EVEUtils.cpp">
      <Filter>Common Source</Filter>
    </ClCompile>
    <ClCompile Include="..\common\EVEZeroCompress.cpp">
      <Filter>Common Source</Filter>
    </ClCompile>
    <ClCompile Include="..\common\logsys.cpp">
      <Filter>Common Source</Filter>
    </ClCompile>
    <ClCompile Include="..\common\misc.cpp">
      <Filter>Common Source</Filter>
    </ClCompile>
    <ClCompile Include="..\common\MiscFunctions.cpp">
      <Filter>Common Source</Filter>
    </ClCompile>
    <ClCompile Include="..\common\Mutex.cpp">
      <Filter>Common Source</Filter>
    </ClCompile>
    <ClCompile Include="..\common\packet_functions.cpp">
      <Filter>Common Source</Filter>
    </ClCompile>
    <ClCompile Include="..\common\PyDumpVisitor.cpp">
      <Filter>Common Source</Filter>
    </ClCompile>
    <ClCompile Include="..\common\PyPacket.cpp">
      <Filter>Common Source</Filter>
    </ClCompile>
    <ClCompile Include="..\common\PyRep.cpp">
      <Filter>Common Source</Filter>
    </ClCompile>
    <ClCompile Include="..\common\PyUtils.cpp">
      <Filter>Common Source</Filter>
    </ClCompile>
    <ClCompile Include="..\common\PyVisitor.cpp">
      <Filter>Common Source</Filter>
    </ClCompile>
    <ClCompile Include="..\common\RowsetReader.cpp">
      <Filter>Common Source</Filter>
    </ClCompile>
    <ClCompile Include="..\common\tinyxml\tinystr.cpp">
      <Filter>Common Source</Filter>
    </ClCompile>
    <ClCompile Include="..\common\tinyxml\tinyxml.cpp">
      <Filter>Common Source</Filter>
    </ClCompile>
    <ClCompile Include="..\common\tinyxml\tinyxmlerror.cpp">
      <Filter>Common Source</Filter>
    </ClCompile>
    <ClCompile Include="..\common\tinyxml\tinyxmlparser.cpp">
      <Filter>Common Source</Filter>
    </ClCompile>
    <ClCompile Include="..\common\XMLParser.cpp">
      <Filter>Common Source</Filter>
    </ClCompile>
    <ClCompile Include="..\packets\General.cpp">
      <Filter>Packet</Filter>
    </ClCompile>
    <ClCompile Include="..\packets\ObjectCaching.cpp">
      <Filter>Packet</Filter>
    </ClCompile>
  </ItemGroup>
  <ItemGroup>
    <ClInclude Include="..\evetool\TriFile.h">
      <Filter>Header Files</Filter>
    </ClInclude>
  </ItemGroup>
</Project>