<?xml version="1.0" encoding="utf-8"?>
<Project ToolsVersion="4.0" xmlns="http://schemas.microsoft.com/developer/msbuild/2003">
  <ItemGroup>
    <Filter Include="Source Files">
      <UniqueIdentifier>{4FC737F1-C7A5-4376-A066-2A32D752A2FF}</UniqueIdentifier>
      <Extensions>cpp;c;cc;cxx;def;odl;idl;hpj;bat;asm;asmx</Extensions>
    </Filter>
    <Filter Include="Header Files">
      <UniqueIdentifier>{93995380-89BD-4b04-88EB-625FBE52EBFB}</UniqueIdentifier>
      <Extensions>h;hpp;hxx;hm;inl;inc;xsd</Extensions>
    </Filter>
    <Filter Include="Resource Files">
      <UniqueIdentifier>{67DA6AB6-F800-4c08-8B7A-83BB121AAD01}</UniqueIdentifier>
      <Extensions>rc;ico;cur;bmp;dlg;rc2;rct;bin;rgs;gif;jpg;jpeg;jpe;resx;tiff;tif;png;wav</Extensions>
    </Filter>
    <Filter Include="Common Source">
      <UniqueIdentifier>{7f4738e4-5f52-4086-885c-fb7481e8bce9}</UniqueIdentifier>
    </Filter>
  </ItemGroup>
  <ItemGroup>
    <ClCompile Include="..\xmlpktgen\CloneGenerator.cpp">
      <Filter>Source Files</Filter>
    </ClCompile>
    <ClCompile Include="..\xmlpktgen\ConstructGenerator.cpp">
      <Filter>Source Files</Filter>
    </ClCompile>
    <ClCompile Include="..\xmlpktgen\DecodeGenerator.cpp">
      <Filter>Source Files</Filter>
    </ClCompile>
    <ClCompile Include="..\xmlpktgen\DestructGenerator.cpp">
      <Filter>Source Files</Filter>
    </ClCompile>
    <ClCompile Include="..\xmlpktgen\DumpGenerator.cpp">
      <Filter>Source Files</Filter>
    </ClCompile>
    <ClCompile Include="..\xmlpktgen\EncodeGenerator.cpp">
      <Filter>Source Files</Filter>
    </ClCompile>
    <ClCompile Include="..\xmlpktgen\Generator.cpp">
      <Filter>Source Files</Filter>
    </ClCompile>
    <ClCompile Include="..\xmlpktgen\HeaderGenerator.cpp">
      <Filter>Source Files</Filter>
    </ClCompile>
    <ClCompile Include="..\xmlpktgen\ImplGenerator.cpp">
      <Filter>Source Files</Filter>
    </ClCompile>
    <ClCompile Include="..\xmlpktgen\main.cpp">
      <Filter>Source Files</Filter>
    </ClCompile>
    <ClCompile Include="..\xmlpktgen\XMLPacketGen.cpp">
      <Filter>Source Files</Filter>
    </ClCompile>
    <ClCompile Include="..\common\Base64.cpp">
      <Filter>Common Source</Filter>
    </ClCompile>
    <ClCompile Include="..\common\crc32.cpp">
      <Filter>Common Source</Filter>
    </ClCompile>
    <ClCompile Include="..\common\EVEMarshal.cpp">
      <Filter>Common Source</Filter>
    </ClCompile>
    <ClCompile Include="..\common\EVEUnmarshal.cpp">
      <Filter>Common Source</Filter>
    </ClCompile>
    <ClCompile Include="..\common\EVEZeroCompress.cpp">
      <Filter>Common Source</Filter>
    </ClCompile>
    <ClCompile Include="..\common\logsys.cpp">
      <Filter>Common Source</Filter>
    </ClCompile>
    <ClCompile Include="..\common\misc.cpp">
      <Filter>Common Source</Filter>
    </ClCompile>
    <ClCompile Include="..\common\MiscFunctions.cpp">
      <Filter>Common Source</Filter>
    </ClCompile>
    <ClCompile Include="..\common\packet_functions.cpp">
      <Filter>Common Source</Filter>
    </ClCompile>
    <ClCompile Include="..\common\PyDumpVisitor.cpp">
      <Filter>Common Source</Filter>
    </ClCompile>
    <ClCompile Include="..\common\PyPacket.cpp">
      <Filter>Common Source</Filter>
    </ClCompile>
    <ClCompile Include="..\common\PyRep.cpp">
      <Filter>Common Source</Filter>
    </ClCompile>
    <ClCompile Include="..\common\PyUtils.cpp">
      <Filter>Common Source</Filter>
    </ClCompile>
    <ClCompile Include="..\common\PyVisitor.cpp">
      <Filter>Common Source</Filter>
    </ClCompile>
    <ClCompile Include="..\common\tinyxml\tinystr.cpp">
      <Filter>Common Source</Filter>
    </ClCompile>
    <ClCompile Include="..\common\tinyxml\tinyxml.cpp">
      <Filter>Common Source</Filter>
    </ClCompile>
    <ClCompile Include="..\common\tinyxml\tinyxmlerror.cpp">
      <Filter>Common Source</Filter>
    </ClCompile>
    <ClCompile Include="..\common\tinyxml\tinyxmlparser.cpp">
      <Filter>Common Source</Filter>
    </ClCompile>
    <ClCompile Include="..\common\XMLParser.cpp">
      <Filter>Common Source</Filter>
    </ClCompile>
  </ItemGroup>
  <ItemGroup>
    <ClInclude Include="..\xmlpktgen\CloneGenerator.h">
      <Filter>Header Files</Filter>
    </ClInclude>
    <ClInclude Include="..\xmlpktgen\ConstructGenerator.h">
      <Filter>Header Files</Filter>
    </ClInclude>
    <ClInclude Include="..\xmlpktgen\DecodeGenerator.h">
      <Filter>Header Files</Filter>
    </ClInclude>
    <ClInclude Include="..\xmlpktgen\DestructGenerator.h">
      <Filter>Header Files</Filter>
    </ClInclude>
    <ClInclude Include="..\xmlpktgen\DumpGenerator.h">
      <Filter>Header Files</Filter>
    </ClInclude>
    <ClInclude Include="..\xmlpktgen\EncodeGenerator.h">
      <Filter>Header Files</Filter>
    </ClInclude>
    <ClInclude Include="..\xmlpktgen\Generator.h">
      <Filter>Header Files</Filter>
    </ClInclude>
    <ClInclude Include="..\xmlpktgen\HeaderGenerator.h">
      <Filter>Header Files</Filter>
    </ClInclude>
    <ClInclude Include="..\xmlpktgen\ImplGenerator.h">
      <Filter>Header Files</Filter>
    </ClInclude>
    <ClInclude Include="..\xmlpktgen\XMLPacketGen.h">
      <Filter>Header Files</Filter>
    </ClInclude>
  </ItemGroup>
</Project>